// !$*UTF8*$!
{
	archiveVersion = 1;
	classes = {
	};
	objectVersion = 46;
	objects = {

/* Begin PBXBuildFile section */
		7B3D1B857E6E58F23258B684 /* Pods_EndlessHaikuTests.framework in Frameworks */ = {isa = PBXBuildFile; fileRef = 6053C4E72BCA315BF1E6007F /* Pods_EndlessHaikuTests.framework */; };
		8B0A62271C77D9670004FD6A /* IAPHelper.swift in Sources */ = {isa = PBXBuildFile; fileRef = 8B0A62261C77D9670004FD6A /* IAPHelper.swift */; };
		8B0A62291C77D9860004FD6A /* Product.swift in Sources */ = {isa = PBXBuildFile; fileRef = 8B0A62281C77D9860004FD6A /* Product.swift */; };
		8B0A622B1C77D9C70004FD6A /* StoreKit.framework in Frameworks */ = {isa = PBXBuildFile; fileRef = 8B0A622A1C77D9C70004FD6A /* StoreKit.framework */; };
		8B0AA6271C75641D003F66DF /* MoPub.framework in Frameworks */ = {isa = PBXBuildFile; fileRef = 8B0AA6251C75641D003F66DF /* MoPub.framework */; };
		8B0AA6281C75641D003F66DF /* MoPub.bundle in Resources */ = {isa = PBXBuildFile; fileRef = 8B0AA6261C75641D003F66DF /* MoPub.bundle */; };
		8B14F01B1C7CF02B008A6402 /* EndlessHaikuUISnapshot.swift in Sources */ = {isa = PBXBuildFile; fileRef = 8B14F01A1C7CF02B008A6402 /* EndlessHaikuUISnapshot.swift */; };
		8B14F03D1C7CF296008A6402 /* Appfile in Resources */ = {isa = PBXBuildFile; fileRef = 8B14F0241C7CF296008A6402 /* Appfile */; };
		8B14F03E1C7CF296008A6402 /* Deliverfile in Resources */ = {isa = PBXBuildFile; fileRef = 8B14F0251C7CF296008A6402 /* Deliverfile */; };
		8B14F03F1C7CF296008A6402 /* Fastfile in Resources */ = {isa = PBXBuildFile; fileRef = 8B14F0261C7CF296008A6402 /* Fastfile */; };
		8B14F0401C7CF296008A6402 /* copyright.txt in Resources */ = {isa = PBXBuildFile; fileRef = 8B14F0281C7CF296008A6402 /* copyright.txt */; };
		8B14F0411C7CF296008A6402 /* description.txt in Resources */ = {isa = PBXBuildFile; fileRef = 8B14F02A1C7CF296008A6402 /* description.txt */; };
		8B14F0421C7CF296008A6402 /* keywords.txt in Resources */ = {isa = PBXBuildFile; fileRef = 8B14F02B1C7CF296008A6402 /* keywords.txt */; };
		8B14F0431C7CF296008A6402 /* marketing_url.txt in Resources */ = {isa = PBXBuildFile; fileRef = 8B14F02C1C7CF296008A6402 /* marketing_url.txt */; };
		8B14F0441C7CF296008A6402 /* name.txt in Resources */ = {isa = PBXBuildFile; fileRef = 8B14F02D1C7CF296008A6402 /* name.txt */; };
		8B14F0451C7CF296008A6402 /* privacy_url.txt in Resources */ = {isa = PBXBuildFile; fileRef = 8B14F02E1C7CF296008A6402 /* privacy_url.txt */; };
		8B14F0461C7CF296008A6402 /* release_notes.txt in Resources */ = {isa = PBXBuildFile; fileRef = 8B14F02F1C7CF296008A6402 /* release_notes.txt */; };
		8B14F0471C7CF296008A6402 /* support_url.txt in Resources */ = {isa = PBXBuildFile; fileRef = 8B14F0301C7CF296008A6402 /* support_url.txt */; };
		8B14F0481C7CF296008A6402 /* primary_category.txt in Resources */ = {isa = PBXBuildFile; fileRef = 8B14F0311C7CF296008A6402 /* primary_category.txt */; };
		8B14F0491C7CF296008A6402 /* primary_first_sub_category.txt in Resources */ = {isa = PBXBuildFile; fileRef = 8B14F0321C7CF296008A6402 /* primary_first_sub_category.txt */; };
		8B14F04A1C7CF296008A6402 /* primary_second_sub_category.txt in Resources */ = {isa = PBXBuildFile; fileRef = 8B14F0331C7CF296008A6402 /* primary_second_sub_category.txt */; };
		8B14F04B1C7CF296008A6402 /* secondary_category.txt in Resources */ = {isa = PBXBuildFile; fileRef = 8B14F0341C7CF296008A6402 /* secondary_category.txt */; };
		8B14F04C1C7CF296008A6402 /* secondary_first_sub_category.txt in Resources */ = {isa = PBXBuildFile; fileRef = 8B14F0351C7CF296008A6402 /* secondary_first_sub_category.txt */; };
		8B14F04D1C7CF296008A6402 /* secondary_second_sub_category.txt in Resources */ = {isa = PBXBuildFile; fileRef = 8B14F0361C7CF296008A6402 /* secondary_second_sub_category.txt */; };
		8B14F04E1C7CF296008A6402 /* README.md in Sources */ = {isa = PBXBuildFile; fileRef = 8B14F0371C7CF296008A6402 /* README.md */; };
		8B14F04F1C7CF296008A6402 /* report.xml in Resources */ = {isa = PBXBuildFile; fileRef = 8B14F0381C7CF296008A6402 /* report.xml */; };
		8B14F0501C7CF296008A6402 /* README.txt in Resources */ = {isa = PBXBuildFile; fileRef = 8B14F03A1C7CF296008A6402 /* README.txt */; };
		8B14F0511C7CF296008A6402 /* Snapfile in Resources */ = {isa = PBXBuildFile; fileRef = 8B14F03B1C7CF296008A6402 /* Snapfile */; };
		8B14F0531C7CF2A0008A6402 /* SnapshotHelper.swift in Sources */ = {isa = PBXBuildFile; fileRef = 8B14F03C1C7CF296008A6402 /* SnapshotHelper.swift */; };
		8B19F5041C6EB255001944BC /* Haiku.csv in Resources */ = {isa = PBXBuildFile; fileRef = 8B19F5031C6EB255001944BC /* Haiku.csv */; };
		8B1DB2C01D3C2C3300A3A51C /* Crashlytics.framework in Frameworks */ = {isa = PBXBuildFile; fileRef = 8B4A75831C7549630065A6B9 /* Crashlytics.framework */; };
		8B34607F1C61514F00B0492B /* HaikuManager.swift in Sources */ = {isa = PBXBuildFile; fileRef = 8B34607E1C61514F00B0492B /* HaikuManager.swift */; };
		8B379C591C6A6ADD008140C1 /* CustomPickerTableViewCell.swift in Sources */ = {isa = PBXBuildFile; fileRef = 8B379C581C6A6ADD008140C1 /* CustomPickerTableViewCell.swift */; };
		8B43D3C81C5005AD00317ED8 /* ScrollingView.swift in Sources */ = {isa = PBXBuildFile; fileRef = 8B43D3C71C5005AD00317ED8 /* ScrollingView.swift */; };
		8B43D3CA1C5006B100317ED8 /* Device.swift in Sources */ = {isa = PBXBuildFile; fileRef = 8B43D3C91C5006B100317ED8 /* Device.swift */; };
		8B43D3CC1C50077D00317ED8 /* Haiku.swift in Sources */ = {isa = PBXBuildFile; fileRef = 8B43D3CB1C50077D00317ED8 /* Haiku.swift */; };
		8B43D3CE1C50083C00317ED8 /* Constants.swift in Sources */ = {isa = PBXBuildFile; fileRef = 8B43D3CD1C50083C00317ED8 /* Constants.swift */; };
		8B4611361D260347000880A7 /* script.sh in Resources */ = {isa = PBXBuildFile; fileRef = 8B4611351D260347000880A7 /* script.sh */; };
		8B4611381D26035C000880A7 /* after_success_script.sh in Resources */ = {isa = PBXBuildFile; fileRef = 8B4611371D26035C000880A7 /* after_success_script.sh */; };
		8B4A75841C7549630065A6B9 /* Fabric.framework in Frameworks */ = {isa = PBXBuildFile; fileRef = 8B4A75821C7549630065A6B9 /* Fabric.framework */; };
		8B4AC5941D221BA7005EC7A1 /* .travis.yml in Resources */ = {isa = PBXBuildFile; fileRef = 8B4AC5931D221BA7005EC7A1 /* .travis.yml */; };
		8B5B93531C65AA5C009BABE1 /* SettingsViewController.swift in Sources */ = {isa = PBXBuildFile; fileRef = 8B5B93521C65AA5C009BABE1 /* SettingsViewController.swift */; };
		8B5B93551C65B7DD009BABE1 /* CustomSliderTableViewCell.swift in Sources */ = {isa = PBXBuildFile; fileRef = 8B5B93541C65B7DD009BABE1 /* CustomSliderTableViewCell.swift */; };
		8B5B93571C65BC05009BABE1 /* CustomSlider.swift in Sources */ = {isa = PBXBuildFile; fileRef = 8B5B93561C65BC05009BABE1 /* CustomSlider.swift */; };
		8B62A7B21C4EB76F00D57878 /* AppDelegate.swift in Sources */ = {isa = PBXBuildFile; fileRef = 8B62A7B11C4EB76F00D57878 /* AppDelegate.swift */; };
		8B62A7B41C4EB76F00D57878 /* ViewController.swift in Sources */ = {isa = PBXBuildFile; fileRef = 8B62A7B31C4EB76F00D57878 /* ViewController.swift */; };
		8B62A7B71C4EB76F00D57878 /* Main.storyboard in Resources */ = {isa = PBXBuildFile; fileRef = 8B62A7B51C4EB76F00D57878 /* Main.storyboard */; };
		8B62A7B91C4EB76F00D57878 /* Assets.xcassets in Resources */ = {isa = PBXBuildFile; fileRef = 8B62A7B81C4EB76F00D57878 /* Assets.xcassets */; };
		8B62A7BC1C4EB76F00D57878 /* LaunchScreen.storyboard in Resources */ = {isa = PBXBuildFile; fileRef = 8B62A7BA1C4EB76F00D57878 /* LaunchScreen.storyboard */; };
		8B62A7C71C4EB76F00D57878 /* EndlessHaikuTests.swift in Sources */ = {isa = PBXBuildFile; fileRef = 8B62A7C61C4EB76F00D57878 /* EndlessHaikuTests.swift */; };
		8B62A7D21C4EB76F00D57878 /* EndlessHaikuUITests.swift in Sources */ = {isa = PBXBuildFile; fileRef = 8B62A7D11C4EB76F00D57878 /* EndlessHaikuUITests.swift */; };
		8B882ED41D49AE1000AB1A0A /* .gitignore in Resources */ = {isa = PBXBuildFile; fileRef = 8B882ED31D49AE1000AB1A0A /* .gitignore */; };
		8B882ED61D49AEF400AB1A0A /* get_certs_from_s3.rb in Resources */ = {isa = PBXBuildFile; fileRef = 8B882ED51D49AEF400AB1A0A /* get_certs_from_s3.rb */; };
		8BB0D5ED1C7E260E00D098C8 /* keyword.strings in Resources */ = {isa = PBXBuildFile; fileRef = 8BB0D5EB1C7E260E00D098C8 /* keyword.strings */; };
		8BB0D5EE1C7E260E00D098C8 /* title.strings in Resources */ = {isa = PBXBuildFile; fileRef = 8BB0D5EC1C7E260E00D098C8 /* title.strings */; };
		8BB0D6011C7E262200D098C8 /* background.jpg in Resources */ = {isa = PBXBuildFile; fileRef = 8BB0D5EF1C7E262200D098C8 /* background.jpg */; };
		8BB0D6021C7E262200D098C8 /* ChalkboardSE-Bold.ttf in Resources */ = {isa = PBXBuildFile; fileRef = 8BB0D5F21C7E262200D098C8 /* ChalkboardSE-Bold.ttf */; };
		8BB0D6031C7E262200D098C8 /* ChalkboardSE-Light.ttf in Resources */ = {isa = PBXBuildFile; fileRef = 8BB0D5F31C7E262200D098C8 /* ChalkboardSE-Light.ttf */; };
		8BB0D6041C7E262200D098C8 /* ChalkboardSE-Regular.ttf in Resources */ = {isa = PBXBuildFile; fileRef = 8BB0D5F41C7E262200D098C8 /* ChalkboardSE-Regular.ttf */; };
		8BB0D6051C7E262200D098C8 /* fonts.dir in Resources */ = {isa = PBXBuildFile; fileRef = 8BB0D5F51C7E262200D098C8 /* fonts.dir */; };
		8BB0D6061C7E262200D098C8 /* fonts.scale in Resources */ = {isa = PBXBuildFile; fileRef = 8BB0D5F61C7E262200D098C8 /* fonts.scale */; };
		8BB0D6071C7E262200D098C8 /* ChalkboardSE.ttc in Resources */ = {isa = PBXBuildFile; fileRef = 8BB0D5F81C7E262200D098C8 /* ChalkboardSE.ttc */; };
		8BB0D6081C7E262200D098C8 /* fonts.dir in Resources */ = {isa = PBXBuildFile; fileRef = 8BB0D5FA1C7E262200D098C8 /* fonts.dir */; };
		8BB0D6091C7E262200D098C8 /* fonts.scale in Resources */ = {isa = PBXBuildFile; fileRef = 8BB0D5FB1C7E262200D098C8 /* fonts.scale */; };
		8BB0D60A1C7E262200D098C8 /* Verdana Bold Italic.ttf in Resources */ = {isa = PBXBuildFile; fileRef = 8BB0D5FC1C7E262200D098C8 /* Verdana Bold Italic.ttf */; };
		8BB0D60B1C7E262200D098C8 /* Verdana Bold.ttf in Resources */ = {isa = PBXBuildFile; fileRef = 8BB0D5FD1C7E262200D098C8 /* Verdana Bold.ttf */; };
		8BB0D60C1C7E262200D098C8 /* Verdana Italic.ttf in Resources */ = {isa = PBXBuildFile; fileRef = 8BB0D5FE1C7E262200D098C8 /* Verdana Italic.ttf */; };
		8BB0D60D1C7E262200D098C8 /* Verdana.ttf in Resources */ = {isa = PBXBuildFile; fileRef = 8BB0D5FF1C7E262200D098C8 /* Verdana.ttf */; };
		8BB0D60E1C7E262200D098C8 /* Framefile.json in Resources */ = {isa = PBXBuildFile; fileRef = 8BB0D6001C7E262200D098C8 /* Framefile.json */; };
		8BEC81541C6976DB00AEDEF3 /* FloatingMenuView.swift in Sources */ = {isa = PBXBuildFile; fileRef = 8BEC81531C6976DB00AEDEF3 /* FloatingMenuView.swift */; };
		8BEC81561C69788700AEDEF3 /* Helpers.swift in Sources */ = {isa = PBXBuildFile; fileRef = 8BEC81551C69788700AEDEF3 /* Helpers.swift */; };
		8BF307431D330EA1004B710E /* LICENSE in Resources */ = {isa = PBXBuildFile; fileRef = 8BF307421D330EA1004B710E /* LICENSE */; };
		8BFD7F0C1CCEAEAE003CD8E7 /* EndlessHaikuTestResults.png in Resources */ = {isa = PBXBuildFile; fileRef = 8BFD7F0A1CCEAEAE003CD8E7 /* EndlessHaikuTestResults.png */; };
		8BFD7F0D1CCEAEAE003CD8E7 /* EndlessHaikuDemo.gif in Resources */ = {isa = PBXBuildFile; fileRef = 8BFD7F0B1CCEAEAE003CD8E7 /* EndlessHaikuDemo.gif */; };
		8BFD7F0F1CCEAEBE003CD8E7 /* README.md in Sources */ = {isa = PBXBuildFile; fileRef = 8BFD7F0E1CCEAEBE003CD8E7 /* README.md */; };
		EA6F2E0B46B37A250FBD3A15 /* Pods_EndlessHaiku.framework in Frameworks */ = {isa = PBXBuildFile; fileRef = E9DB98A436C23E193D6F3427 /* Pods_EndlessHaiku.framework */; };
/* End PBXBuildFile section */

/* Begin PBXContainerItemProxy section */
		8B14F01D1C7CF02B008A6402 /* PBXContainerItemProxy */ = {
			isa = PBXContainerItemProxy;
			containerPortal = 8B62A7A61C4EB76F00D57878 /* Project object */;
			proxyType = 1;
			remoteGlobalIDString = 8B62A7AD1C4EB76F00D57878;
			remoteInfo = EndlessHaiku;
		};
		8B62A7C31C4EB76F00D57878 /* PBXContainerItemProxy */ = {
			isa = PBXContainerItemProxy;
			containerPortal = 8B62A7A61C4EB76F00D57878 /* Project object */;
			proxyType = 1;
			remoteGlobalIDString = 8B62A7AD1C4EB76F00D57878;
			remoteInfo = EndlessHaiku;
		};
		8B62A7CE1C4EB76F00D57878 /* PBXContainerItemProxy */ = {
			isa = PBXContainerItemProxy;
			containerPortal = 8B62A7A61C4EB76F00D57878 /* Project object */;
			proxyType = 1;
			remoteGlobalIDString = 8B62A7AD1C4EB76F00D57878;
			remoteInfo = EndlessHaiku;
		};
/* End PBXContainerItemProxy section */

/* Begin PBXFileReference section */
		192D12B935CEBF9C72FF4C23 /* Pods-EndlessHaikuTests.ad hoc.xcconfig */ = {isa = PBXFileReference; includeInIndex = 1; lastKnownFileType = text.xcconfig; name = "Pods-EndlessHaikuTests.ad hoc.xcconfig"; path = "Pods/Target Support Files/Pods-EndlessHaikuTests/Pods-EndlessHaikuTests.ad hoc.xcconfig"; sourceTree = "<group>"; };
		20725AA04DDD3EE4BC92AFF7 /* Pods-EndlessHaiku.debug.xcconfig */ = {isa = PBXFileReference; includeInIndex = 1; lastKnownFileType = text.xcconfig; name = "Pods-EndlessHaiku.debug.xcconfig"; path = "Pods/Target Support Files/Pods-EndlessHaiku/Pods-EndlessHaiku.debug.xcconfig"; sourceTree = "<group>"; };
		6053C4E72BCA315BF1E6007F /* Pods_EndlessHaikuTests.framework */ = {isa = PBXFileReference; explicitFileType = wrapper.framework; includeInIndex = 0; path = Pods_EndlessHaikuTests.framework; sourceTree = BUILT_PRODUCTS_DIR; };
		8B0A62261C77D9670004FD6A /* IAPHelper.swift */ = {isa = PBXFileReference; fileEncoding = 4; lastKnownFileType = sourcecode.swift; path = IAPHelper.swift; sourceTree = "<group>"; };
		8B0A62281C77D9860004FD6A /* Product.swift */ = {isa = PBXFileReference; fileEncoding = 4; lastKnownFileType = sourcecode.swift; path = Product.swift; sourceTree = "<group>"; };
		8B0A622A1C77D9C70004FD6A /* StoreKit.framework */ = {isa = PBXFileReference; lastKnownFileType = wrapper.framework; name = StoreKit.framework; path = System/Library/Frameworks/StoreKit.framework; sourceTree = SDKROOT; };
		8B0AA6251C75641D003F66DF /* MoPub.framework */ = {isa = PBXFileReference; lastKnownFileType = wrapper.framework; path = MoPub.framework; sourceTree = "<group>"; };
		8B0AA6261C75641D003F66DF /* MoPub.bundle */ = {isa = PBXFileReference; lastKnownFileType = "wrapper.plug-in"; name = MoPub.bundle; path = MoPub.framework/Versions/A/Resources/MoPub.bundle; sourceTree = "<group>"; };
		8B14F0181C7CF02B008A6402 /* EndlessHaikuUISnapshot.xctest */ = {isa = PBXFileReference; explicitFileType = wrapper.cfbundle; includeInIndex = 0; path = EndlessHaikuUISnapshot.xctest; sourceTree = BUILT_PRODUCTS_DIR; };
		8B14F01A1C7CF02B008A6402 /* EndlessHaikuUISnapshot.swift */ = {isa = PBXFileReference; lastKnownFileType = sourcecode.swift; path = EndlessHaikuUISnapshot.swift; sourceTree = "<group>"; };
		8B14F01C1C7CF02B008A6402 /* Info.plist */ = {isa = PBXFileReference; lastKnownFileType = text.plist.xml; path = Info.plist; sourceTree = "<group>"; };
		8B14F0241C7CF296008A6402 /* Appfile */ = {isa = PBXFileReference; fileEncoding = 4; lastKnownFileType = text; path = Appfile; sourceTree = "<group>"; };
		8B14F0251C7CF296008A6402 /* Deliverfile */ = {isa = PBXFileReference; fileEncoding = 4; lastKnownFileType = text; path = Deliverfile; sourceTree = "<group>"; };
		8B14F0261C7CF296008A6402 /* Fastfile */ = {isa = PBXFileReference; fileEncoding = 4; lastKnownFileType = text; path = Fastfile; sourceTree = "<group>"; };
		8B14F0281C7CF296008A6402 /* copyright.txt */ = {isa = PBXFileReference; fileEncoding = 4; lastKnownFileType = text; path = copyright.txt; sourceTree = "<group>"; };
		8B14F02A1C7CF296008A6402 /* description.txt */ = {isa = PBXFileReference; fileEncoding = 4; lastKnownFileType = text; path = description.txt; sourceTree = "<group>"; };
		8B14F02B1C7CF296008A6402 /* keywords.txt */ = {isa = PBXFileReference; fileEncoding = 4; lastKnownFileType = text; path = keywords.txt; sourceTree = "<group>"; };
		8B14F02C1C7CF296008A6402 /* marketing_url.txt */ = {isa = PBXFileReference; fileEncoding = 4; lastKnownFileType = text; path = marketing_url.txt; sourceTree = "<group>"; };
		8B14F02D1C7CF296008A6402 /* name.txt */ = {isa = PBXFileReference; fileEncoding = 4; lastKnownFileType = text; path = name.txt; sourceTree = "<group>"; };
		8B14F02E1C7CF296008A6402 /* privacy_url.txt */ = {isa = PBXFileReference; fileEncoding = 4; lastKnownFileType = text; path = privacy_url.txt; sourceTree = "<group>"; };
		8B14F02F1C7CF296008A6402 /* release_notes.txt */ = {isa = PBXFileReference; fileEncoding = 4; lastKnownFileType = text; path = release_notes.txt; sourceTree = "<group>"; };
		8B14F0301C7CF296008A6402 /* support_url.txt */ = {isa = PBXFileReference; fileEncoding = 4; lastKnownFileType = text; path = support_url.txt; sourceTree = "<group>"; };
		8B14F0311C7CF296008A6402 /* primary_category.txt */ = {isa = PBXFileReference; fileEncoding = 4; lastKnownFileType = text; path = primary_category.txt; sourceTree = "<group>"; };
		8B14F0321C7CF296008A6402 /* primary_first_sub_category.txt */ = {isa = PBXFileReference; fileEncoding = 4; lastKnownFileType = text; path = primary_first_sub_category.txt; sourceTree = "<group>"; };
		8B14F0331C7CF296008A6402 /* primary_second_sub_category.txt */ = {isa = PBXFileReference; fileEncoding = 4; lastKnownFileType = text; path = primary_second_sub_category.txt; sourceTree = "<group>"; };
		8B14F0341C7CF296008A6402 /* secondary_category.txt */ = {isa = PBXFileReference; fileEncoding = 4; lastKnownFileType = text; path = secondary_category.txt; sourceTree = "<group>"; };
		8B14F0351C7CF296008A6402 /* secondary_first_sub_category.txt */ = {isa = PBXFileReference; fileEncoding = 4; lastKnownFileType = text; path = secondary_first_sub_category.txt; sourceTree = "<group>"; };
		8B14F0361C7CF296008A6402 /* secondary_second_sub_category.txt */ = {isa = PBXFileReference; fileEncoding = 4; lastKnownFileType = text; path = secondary_second_sub_category.txt; sourceTree = "<group>"; };
		8B14F0371C7CF296008A6402 /* README.md */ = {isa = PBXFileReference; fileEncoding = 4; lastKnownFileType = net.daringfireball.markdown; path = README.md; sourceTree = "<group>"; };
		8B14F0381C7CF296008A6402 /* report.xml */ = {isa = PBXFileReference; fileEncoding = 4; lastKnownFileType = text.xml; path = report.xml; sourceTree = "<group>"; };
		8B14F03A1C7CF296008A6402 /* README.txt */ = {isa = PBXFileReference; fileEncoding = 4; lastKnownFileType = text; path = README.txt; sourceTree = "<group>"; };
		8B14F03B1C7CF296008A6402 /* Snapfile */ = {isa = PBXFileReference; fileEncoding = 4; lastKnownFileType = text; path = Snapfile; sourceTree = "<group>"; };
		8B14F03C1C7CF296008A6402 /* SnapshotHelper.swift */ = {isa = PBXFileReference; fileEncoding = 4; lastKnownFileType = sourcecode.swift; path = SnapshotHelper.swift; sourceTree = "<group>"; };
		8B19F5031C6EB255001944BC /* Haiku.csv */ = {isa = PBXFileReference; fileEncoding = 4; lastKnownFileType = text; path = Haiku.csv; sourceTree = "<group>"; };
		8B34607E1C61514F00B0492B /* HaikuManager.swift */ = {isa = PBXFileReference; fileEncoding = 4; lastKnownFileType = sourcecode.swift; path = HaikuManager.swift; sourceTree = "<group>"; };
		8B379C581C6A6ADD008140C1 /* CustomPickerTableViewCell.swift */ = {isa = PBXFileReference; fileEncoding = 4; lastKnownFileType = sourcecode.swift; path = CustomPickerTableViewCell.swift; sourceTree = "<group>"; };
		8B43D3C71C5005AD00317ED8 /* ScrollingView.swift */ = {isa = PBXFileReference; fileEncoding = 4; lastKnownFileType = sourcecode.swift; path = ScrollingView.swift; sourceTree = "<group>"; };
		8B43D3C91C5006B100317ED8 /* Device.swift */ = {isa = PBXFileReference; fileEncoding = 4; lastKnownFileType = sourcecode.swift; path = Device.swift; sourceTree = "<group>"; };
		8B43D3CB1C50077D00317ED8 /* Haiku.swift */ = {isa = PBXFileReference; fileEncoding = 4; lastKnownFileType = sourcecode.swift; path = Haiku.swift; sourceTree = "<group>"; };
		8B43D3CD1C50083C00317ED8 /* Constants.swift */ = {isa = PBXFileReference; fileEncoding = 4; lastKnownFileType = sourcecode.swift; path = Constants.swift; sourceTree = "<group>"; };
		8B4611351D260347000880A7 /* script.sh */ = {isa = PBXFileReference; fileEncoding = 4; lastKnownFileType = text.script.sh; name = script.sh; path = travis/script.sh; sourceTree = "<group>"; };
		8B4611371D26035C000880A7 /* after_success_script.sh */ = {isa = PBXFileReference; fileEncoding = 4; lastKnownFileType = text.script.sh; name = after_success_script.sh; path = travis/after_success_script.sh; sourceTree = "<group>"; };
		8B4A75821C7549630065A6B9 /* Fabric.framework */ = {isa = PBXFileReference; lastKnownFileType = wrapper.framework; path = Fabric.framework; sourceTree = "<group>"; };
		8B4A75831C7549630065A6B9 /* Crashlytics.framework */ = {isa = PBXFileReference; lastKnownFileType = wrapper.framework; path = Crashlytics.framework; sourceTree = "<group>"; };
		8B4AC5931D221BA7005EC7A1 /* .travis.yml */ = {isa = PBXFileReference; fileEncoding = 4; lastKnownFileType = text; path = .travis.yml; sourceTree = "<group>"; };
		8B5B93521C65AA5C009BABE1 /* SettingsViewController.swift */ = {isa = PBXFileReference; fileEncoding = 4; lastKnownFileType = sourcecode.swift; path = SettingsViewController.swift; sourceTree = "<group>"; };
		8B5B93541C65B7DD009BABE1 /* CustomSliderTableViewCell.swift */ = {isa = PBXFileReference; fileEncoding = 4; lastKnownFileType = sourcecode.swift; path = CustomSliderTableViewCell.swift; sourceTree = "<group>"; };
		8B5B93561C65BC05009BABE1 /* CustomSlider.swift */ = {isa = PBXFileReference; fileEncoding = 4; lastKnownFileType = sourcecode.swift; path = CustomSlider.swift; sourceTree = "<group>"; };
		8B62A7AE1C4EB76F00D57878 /* EndlessHaiku.app */ = {isa = PBXFileReference; explicitFileType = wrapper.application; includeInIndex = 0; path = EndlessHaiku.app; sourceTree = BUILT_PRODUCTS_DIR; };
		8B62A7B11C4EB76F00D57878 /* AppDelegate.swift */ = {isa = PBXFileReference; lastKnownFileType = sourcecode.swift; path = AppDelegate.swift; sourceTree = "<group>"; };
		8B62A7B31C4EB76F00D57878 /* ViewController.swift */ = {isa = PBXFileReference; lastKnownFileType = sourcecode.swift; path = ViewController.swift; sourceTree = "<group>"; };
		8B62A7B61C4EB76F00D57878 /* Base */ = {isa = PBXFileReference; lastKnownFileType = file.storyboard; name = Base; path = Base.lproj/Main.storyboard; sourceTree = "<group>"; };
		8B62A7B81C4EB76F00D57878 /* Assets.xcassets */ = {isa = PBXFileReference; lastKnownFileType = folder.assetcatalog; path = Assets.xcassets; sourceTree = "<group>"; };
		8B62A7BB1C4EB76F00D57878 /* Base */ = {isa = PBXFileReference; lastKnownFileType = file.storyboard; name = Base; path = Base.lproj/LaunchScreen.storyboard; sourceTree = "<group>"; };
		8B62A7BD1C4EB76F00D57878 /* Info.plist */ = {isa = PBXFileReference; lastKnownFileType = text.plist.xml; path = Info.plist; sourceTree = "<group>"; };
		8B62A7C21C4EB76F00D57878 /* EndlessHaikuTests.xctest */ = {isa = PBXFileReference; explicitFileType = wrapper.cfbundle; includeInIndex = 0; path = EndlessHaikuTests.xctest; sourceTree = BUILT_PRODUCTS_DIR; };
		8B62A7C61C4EB76F00D57878 /* EndlessHaikuTests.swift */ = {isa = PBXFileReference; lastKnownFileType = sourcecode.swift; path = EndlessHaikuTests.swift; sourceTree = "<group>"; };
		8B62A7C81C4EB76F00D57878 /* Info.plist */ = {isa = PBXFileReference; lastKnownFileType = text.plist.xml; path = Info.plist; sourceTree = "<group>"; };
		8B62A7CD1C4EB76F00D57878 /* EndlessHaikuUITests.xctest */ = {isa = PBXFileReference; explicitFileType = wrapper.cfbundle; includeInIndex = 0; path = EndlessHaikuUITests.xctest; sourceTree = BUILT_PRODUCTS_DIR; };
		8B62A7D11C4EB76F00D57878 /* EndlessHaikuUITests.swift */ = {isa = PBXFileReference; lastKnownFileType = sourcecode.swift; path = EndlessHaikuUITests.swift; sourceTree = "<group>"; };
		8B62A7D31C4EB76F00D57878 /* Info.plist */ = {isa = PBXFileReference; lastKnownFileType = text.plist.xml; path = Info.plist; sourceTree = "<group>"; };
		8B882ED31D49AE1000AB1A0A /* .gitignore */ = {isa = PBXFileReference; fileEncoding = 4; lastKnownFileType = text; path = .gitignore; sourceTree = "<group>"; };
		8B882ED51D49AEF400AB1A0A /* get_certs_from_s3.rb */ = {isa = PBXFileReference; fileEncoding = 4; lastKnownFileType = text.script.ruby; name = get_certs_from_s3.rb; path = travis/get_certs_from_s3.rb; sourceTree = "<group>"; };
		8BB0D5EB1C7E260E00D098C8 /* keyword.strings */ = {isa = PBXFileReference; fileEncoding = 4; lastKnownFileType = text.plist.strings; name = keyword.strings; path = "en-US/keyword.strings"; sourceTree = "<group>"; };
		8BB0D5EC1C7E260E00D098C8 /* title.strings */ = {isa = PBXFileReference; fileEncoding = 4; lastKnownFileType = text.plist.strings; name = title.strings; path = "en-US/title.strings"; sourceTree = "<group>"; };
		8BB0D5EF1C7E262200D098C8 /* background.jpg */ = {isa = PBXFileReference; lastKnownFileType = image.jpeg; name = background.jpg; path = screenshots/background.jpg; sourceTree = "<group>"; };
		8BB0D5F21C7E262200D098C8 /* ChalkboardSE-Bold.ttf */ = {isa = PBXFileReference; lastKnownFileType = file; path = "ChalkboardSE-Bold.ttf"; sourceTree = "<group>"; };
		8BB0D5F31C7E262200D098C8 /* ChalkboardSE-Light.ttf */ = {isa = PBXFileReference; lastKnownFileType = file; path = "ChalkboardSE-Light.ttf"; sourceTree = "<group>"; };
		8BB0D5F41C7E262200D098C8 /* ChalkboardSE-Regular.ttf */ = {isa = PBXFileReference; lastKnownFileType = file; path = "ChalkboardSE-Regular.ttf"; sourceTree = "<group>"; };
		8BB0D5F51C7E262200D098C8 /* fonts.dir */ = {isa = PBXFileReference; fileEncoding = 4; lastKnownFileType = text; path = fonts.dir; sourceTree = "<group>"; };
		8BB0D5F61C7E262200D098C8 /* fonts.scale */ = {isa = PBXFileReference; fileEncoding = 4; lastKnownFileType = text; path = fonts.scale; sourceTree = "<group>"; };
		8BB0D5F81C7E262200D098C8 /* ChalkboardSE.ttc */ = {isa = PBXFileReference; lastKnownFileType = file; path = ChalkboardSE.ttc; sourceTree = "<group>"; };
		8BB0D5FA1C7E262200D098C8 /* fonts.dir */ = {isa = PBXFileReference; fileEncoding = 4; lastKnownFileType = text; path = fonts.dir; sourceTree = "<group>"; };
		8BB0D5FB1C7E262200D098C8 /* fonts.scale */ = {isa = PBXFileReference; fileEncoding = 4; lastKnownFileType = text; path = fonts.scale; sourceTree = "<group>"; };
		8BB0D5FC1C7E262200D098C8 /* Verdana Bold Italic.ttf */ = {isa = PBXFileReference; lastKnownFileType = file; path = "Verdana Bold Italic.ttf"; sourceTree = "<group>"; };
		8BB0D5FD1C7E262200D098C8 /* Verdana Bold.ttf */ = {isa = PBXFileReference; lastKnownFileType = file; path = "Verdana Bold.ttf"; sourceTree = "<group>"; };
		8BB0D5FE1C7E262200D098C8 /* Verdana Italic.ttf */ = {isa = PBXFileReference; lastKnownFileType = file; path = "Verdana Italic.ttf"; sourceTree = "<group>"; };
		8BB0D5FF1C7E262200D098C8 /* Verdana.ttf */ = {isa = PBXFileReference; lastKnownFileType = file; path = Verdana.ttf; sourceTree = "<group>"; };
		8BB0D6001C7E262200D098C8 /* Framefile.json */ = {isa = PBXFileReference; fileEncoding = 4; lastKnownFileType = text.json; name = Framefile.json; path = screenshots/Framefile.json; sourceTree = "<group>"; };
		8BEC81531C6976DB00AEDEF3 /* FloatingMenuView.swift */ = {isa = PBXFileReference; fileEncoding = 4; lastKnownFileType = sourcecode.swift; path = FloatingMenuView.swift; sourceTree = "<group>"; };
		8BEC81551C69788700AEDEF3 /* Helpers.swift */ = {isa = PBXFileReference; fileEncoding = 4; lastKnownFileType = sourcecode.swift; path = Helpers.swift; sourceTree = "<group>"; };
		8BF307421D330EA1004B710E /* LICENSE */ = {isa = PBXFileReference; fileEncoding = 4; lastKnownFileType = text; path = LICENSE; sourceTree = "<group>"; };
		8BFD7F0A1CCEAEAE003CD8E7 /* EndlessHaikuTestResults.png */ = {isa = PBXFileReference; lastKnownFileType = image.png; path = EndlessHaikuTestResults.png; sourceTree = "<group>"; };
		8BFD7F0B1CCEAEAE003CD8E7 /* EndlessHaikuDemo.gif */ = {isa = PBXFileReference; lastKnownFileType = image.gif; path = EndlessHaikuDemo.gif; sourceTree = "<group>"; };
		8BFD7F0E1CCEAEBE003CD8E7 /* README.md */ = {isa = PBXFileReference; fileEncoding = 4; lastKnownFileType = net.daringfireball.markdown; path = README.md; sourceTree = "<group>"; };
		97B0E8BDE712EBE7FDF0285F /* Pods-EndlessHaiku.ad hoc.xcconfig */ = {isa = PBXFileReference; includeInIndex = 1; lastKnownFileType = text.xcconfig; name = "Pods-EndlessHaiku.ad hoc.xcconfig"; path = "Pods/Target Support Files/Pods-EndlessHaiku/Pods-EndlessHaiku.ad hoc.xcconfig"; sourceTree = "<group>"; };
		AFBDDD6E800AA467619A91B3 /* Pods-EndlessHaikuTests.app store.xcconfig */ = {isa = PBXFileReference; includeInIndex = 1; lastKnownFileType = text.xcconfig; name = "Pods-EndlessHaikuTests.app store.xcconfig"; path = "Pods/Target Support Files/Pods-EndlessHaikuTests/Pods-EndlessHaikuTests.app store.xcconfig"; sourceTree = "<group>"; };
		D57F2FC9549180AC9BCA4DD6 /* Pods-EndlessHaiku.app store.xcconfig */ = {isa = PBXFileReference; includeInIndex = 1; lastKnownFileType = text.xcconfig; name = "Pods-EndlessHaiku.app store.xcconfig"; path = "Pods/Target Support Files/Pods-EndlessHaiku/Pods-EndlessHaiku.app store.xcconfig"; sourceTree = "<group>"; };
		DA6629B72C521B2DC61E5C71 /* Pods-EndlessHaikuTests.debug.xcconfig */ = {isa = PBXFileReference; includeInIndex = 1; lastKnownFileType = text.xcconfig; name = "Pods-EndlessHaikuTests.debug.xcconfig"; path = "Pods/Target Support Files/Pods-EndlessHaikuTests/Pods-EndlessHaikuTests.debug.xcconfig"; sourceTree = "<group>"; };
		E9DB98A436C23E193D6F3427 /* Pods_EndlessHaiku.framework */ = {isa = PBXFileReference; explicitFileType = wrapper.framework; includeInIndex = 0; path = Pods_EndlessHaiku.framework; sourceTree = BUILT_PRODUCTS_DIR; };
/* End PBXFileReference section */

/* Begin PBXFrameworksBuildPhase section */
		8B14F0151C7CF02B008A6402 /* Frameworks */ = {
			isa = PBXFrameworksBuildPhase;
			buildActionMask = 2147483647;
			files = (
			);
			runOnlyForDeploymentPostprocessing = 0;
		};
		8B62A7AB1C4EB76F00D57878 /* Frameworks */ = {
			isa = PBXFrameworksBuildPhase;
			buildActionMask = 2147483647;
			files = (
				8B1DB2C01D3C2C3300A3A51C /* Crashlytics.framework in Frameworks */,
				8B0AA6271C75641D003F66DF /* MoPub.framework in Frameworks */,
				8B0A622B1C77D9C70004FD6A /* StoreKit.framework in Frameworks */,
				8B4A75841C7549630065A6B9 /* Fabric.framework in Frameworks */,
				EA6F2E0B46B37A250FBD3A15 /* Pods_EndlessHaiku.framework in Frameworks */,
			);
			runOnlyForDeploymentPostprocessing = 0;
		};
		8B62A7BF1C4EB76F00D57878 /* Frameworks */ = {
			isa = PBXFrameworksBuildPhase;
			buildActionMask = 2147483647;
			files = (
				7B3D1B857E6E58F23258B684 /* Pods_EndlessHaikuTests.framework in Frameworks */,
			);
			runOnlyForDeploymentPostprocessing = 0;
		};
		8B62A7CA1C4EB76F00D57878 /* Frameworks */ = {
			isa = PBXFrameworksBuildPhase;
			buildActionMask = 2147483647;
			files = (
			);
			runOnlyForDeploymentPostprocessing = 0;
		};
/* End PBXFrameworksBuildPhase section */

/* Begin PBXGroup section */
		70FDB816E8C6C42FB1446A1A /* Frameworks */ = {
			isa = PBXGroup;
			children = (
				8B0AA6251C75641D003F66DF /* MoPub.framework */,
				8B0AA6261C75641D003F66DF /* MoPub.bundle */,
				8B4A75821C7549630065A6B9 /* Fabric.framework */,
				8B4A75831C7549630065A6B9 /* Crashlytics.framework */,
				8B0A622A1C77D9C70004FD6A /* StoreKit.framework */,
				E9DB98A436C23E193D6F3427 /* Pods_EndlessHaiku.framework */,
				6053C4E72BCA315BF1E6007F /* Pods_EndlessHaikuTests.framework */,
			);
			name = Frameworks;
			sourceTree = "<group>";
		};
		8B14F0191C7CF02B008A6402 /* EndlessHaikuUISnapshot */ = {
			isa = PBXGroup;
			children = (
				8B14F01A1C7CF02B008A6402 /* EndlessHaikuUISnapshot.swift */,
				8B14F01C1C7CF02B008A6402 /* Info.plist */,
			);
			path = EndlessHaikuUISnapshot;
			sourceTree = "<group>";
		};
		8B14F0221C7CF296008A6402 /* fastlane */ = {
			isa = PBXGroup;
			children = (
				8B14F0231C7CF296008A6402 /* actions */,
				8B14F0241C7CF296008A6402 /* Appfile */,
				8B14F0251C7CF296008A6402 /* Deliverfile */,
				8B14F0261C7CF296008A6402 /* Fastfile */,
				8B14F0271C7CF296008A6402 /* metadata */,
				8B14F0371C7CF296008A6402 /* README.md */,
				8B14F0381C7CF296008A6402 /* report.xml */,
				8B14F0391C7CF296008A6402 /* screenshots */,
				8B14F03B1C7CF296008A6402 /* Snapfile */,
				8B14F03C1C7CF296008A6402 /* SnapshotHelper.swift */,
				8BB0D5EF1C7E262200D098C8 /* background.jpg */,
				8BB0D5F01C7E262200D098C8 /* fonts */,
				8BB0D6001C7E262200D098C8 /* Framefile.json */,
			);
			path = fastlane;
			sourceTree = "<group>";
		};
		8B14F0231C7CF296008A6402 /* actions */ = {
			isa = PBXGroup;
			children = (
			);
			path = actions;
			sourceTree = "<group>";
		};
		8B14F0271C7CF296008A6402 /* metadata */ = {
			isa = PBXGroup;
			children = (
				8B14F0281C7CF296008A6402 /* copyright.txt */,
				8B14F0291C7CF296008A6402 /* en-US */,
				8B14F0311C7CF296008A6402 /* primary_category.txt */,
				8B14F0321C7CF296008A6402 /* primary_first_sub_category.txt */,
				8B14F0331C7CF296008A6402 /* primary_second_sub_category.txt */,
				8B14F0341C7CF296008A6402 /* secondary_category.txt */,
				8B14F0351C7CF296008A6402 /* secondary_first_sub_category.txt */,
				8B14F0361C7CF296008A6402 /* secondary_second_sub_category.txt */,
			);
			path = metadata;
			sourceTree = "<group>";
		};
		8B14F0291C7CF296008A6402 /* en-US */ = {
			isa = PBXGroup;
			children = (
				8B14F02A1C7CF296008A6402 /* description.txt */,
				8B14F02B1C7CF296008A6402 /* keywords.txt */,
				8B14F02C1C7CF296008A6402 /* marketing_url.txt */,
				8B14F02D1C7CF296008A6402 /* name.txt */,
				8B14F02E1C7CF296008A6402 /* privacy_url.txt */,
				8B14F02F1C7CF296008A6402 /* release_notes.txt */,
				8B14F0301C7CF296008A6402 /* support_url.txt */,
			);
			path = "en-US";
			sourceTree = "<group>";
		};
		8B14F0391C7CF296008A6402 /* screenshots */ = {
			isa = PBXGroup;
			children = (
				8BB0D5EB1C7E260E00D098C8 /* keyword.strings */,
				8BB0D5EC1C7E260E00D098C8 /* title.strings */,
				8B14F03A1C7CF296008A6402 /* README.txt */,
			);
			path = screenshots;
			sourceTree = "<group>";
		};
		8B379C5A1C6A89D5008140C1 /* Models */ = {
			isa = PBXGroup;
			children = (
				8B43D3CB1C50077D00317ED8 /* Haiku.swift */,
				8B19F5031C6EB255001944BC /* Haiku.csv */,
				8B34607E1C61514F00B0492B /* HaikuManager.swift */,
			);
			name = Models;
			sourceTree = "<group>";
		};
		8B379C5B1C6A89EF008140C1 /* Views */ = {
			isa = PBXGroup;
			children = (
				8B5B93541C65B7DD009BABE1 /* CustomSliderTableViewCell.swift */,
				8B379C581C6A6ADD008140C1 /* CustomPickerTableViewCell.swift */,
				8B5B93561C65BC05009BABE1 /* CustomSlider.swift */,
				8B43D3C71C5005AD00317ED8 /* ScrollingView.swift */,
				8BEC81531C6976DB00AEDEF3 /* FloatingMenuView.swift */,
			);
			name = Views;
			sourceTree = "<group>";
		};
		8B379C5C1C6A89F8008140C1 /* Controllers */ = {
			isa = PBXGroup;
			children = (
				8B62A7B31C4EB76F00D57878 /* ViewController.swift */,
				8B5B93521C65AA5C009BABE1 /* SettingsViewController.swift */,
			);
			name = Controllers;
			sourceTree = "<group>";
		};
		8B43D3C61C50057800317ED8 /* Support */ = {
			isa = PBXGroup;
			children = (
				8B62A7B11C4EB76F00D57878 /* AppDelegate.swift */,
				8B62A7B81C4EB76F00D57878 /* Assets.xcassets */,
				8B62A7BA1C4EB76F00D57878 /* LaunchScreen.storyboard */,
				8B62A7BD1C4EB76F00D57878 /* Info.plist */,
			);
			name = Support;
			sourceTree = "<group>";
		};
		8B4611391D26036A000880A7 /* travis */ = {
			isa = PBXGroup;
			children = (
				8B4611351D260347000880A7 /* script.sh */,
				8B4611371D26035C000880A7 /* after_success_script.sh */,
				8B882ED51D49AEF400AB1A0A /* get_certs_from_s3.rb */,
			);
			name = travis;
			sourceTree = "<group>";
		};
		8B62A7A51C4EB76F00D57878 = {
			isa = PBXGroup;
			children = (
				8B882ED31D49AE1000AB1A0A /* .gitignore */,
				8BF307421D330EA1004B710E /* LICENSE */,
				8B4611391D26036A000880A7 /* travis */,
				8B4AC5931D221BA7005EC7A1 /* .travis.yml */,
				8BFD7F0A1CCEAEAE003CD8E7 /* EndlessHaikuTestResults.png */,
				8BFD7F0E1CCEAEBE003CD8E7 /* README.md */,
				8BFD7F0B1CCEAEAE003CD8E7 /* EndlessHaikuDemo.gif */,
				8B14F0221C7CF296008A6402 /* fastlane */,
				8B62A7B01C4EB76F00D57878 /* EndlessHaiku */,
				8B62A7C51C4EB76F00D57878 /* EndlessHaikuTests */,
				8B62A7D01C4EB76F00D57878 /* EndlessHaikuUITests */,
				8B14F0191C7CF02B008A6402 /* EndlessHaikuUISnapshot */,
				8B62A7AF1C4EB76F00D57878 /* Products */,
				70FDB816E8C6C42FB1446A1A /* Frameworks */,
				8CF5169F90437C108596FF2D /* Pods */,
			);
			sourceTree = "<group>";
		};
		8B62A7AF1C4EB76F00D57878 /* Products */ = {
			isa = PBXGroup;
			children = (
				8B62A7AE1C4EB76F00D57878 /* EndlessHaiku.app */,
				8B62A7C21C4EB76F00D57878 /* EndlessHaikuTests.xctest */,
				8B62A7CD1C4EB76F00D57878 /* EndlessHaikuUITests.xctest */,
				8B14F0181C7CF02B008A6402 /* EndlessHaikuUISnapshot.xctest */,
			);
			name = Products;
			sourceTree = "<group>";
		};
		8B62A7B01C4EB76F00D57878 /* EndlessHaiku */ = {
			isa = PBXGroup;
			children = (
				8B43D3C61C50057800317ED8 /* Support */,
				8B379C5C1C6A89F8008140C1 /* Controllers */,
				8B379C5B1C6A89EF008140C1 /* Views */,
				8B379C5A1C6A89D5008140C1 /* Models */,
				8BEC81551C69788700AEDEF3 /* Helpers.swift */,
				8B43D3CD1C50083C00317ED8 /* Constants.swift */,
				8B43D3C91C5006B100317ED8 /* Device.swift */,
				8B0A62261C77D9670004FD6A /* IAPHelper.swift */,
				8B0A62281C77D9860004FD6A /* Product.swift */,
				8B62A7B51C4EB76F00D57878 /* Main.storyboard */,
			);
			path = EndlessHaiku;
			sourceTree = "<group>";
		};
		8B62A7C51C4EB76F00D57878 /* EndlessHaikuTests */ = {
			isa = PBXGroup;
			children = (
				8B62A7C61C4EB76F00D57878 /* EndlessHaikuTests.swift */,
				8B62A7C81C4EB76F00D57878 /* Info.plist */,
			);
			path = EndlessHaikuTests;
			sourceTree = "<group>";
		};
		8B62A7D01C4EB76F00D57878 /* EndlessHaikuUITests */ = {
			isa = PBXGroup;
			children = (
				8B62A7D11C4EB76F00D57878 /* EndlessHaikuUITests.swift */,
				8B62A7D31C4EB76F00D57878 /* Info.plist */,
			);
			path = EndlessHaikuUITests;
			sourceTree = "<group>";
		};
		8BB0D5F01C7E262200D098C8 /* fonts */ = {
			isa = PBXGroup;
			children = (
				8BB0D5F11C7E262200D098C8 /* Chalkboard SE */,
				8BB0D5F91C7E262200D098C8 /* Verdana */,
			);
			name = fonts;
			path = screenshots/fonts;
			sourceTree = "<group>";
		};
		8BB0D5F11C7E262200D098C8 /* Chalkboard SE */ = {
			isa = PBXGroup;
			children = (
				8BB0D5F21C7E262200D098C8 /* ChalkboardSE-Bold.ttf */,
				8BB0D5F31C7E262200D098C8 /* ChalkboardSE-Light.ttf */,
				8BB0D5F41C7E262200D098C8 /* ChalkboardSE-Regular.ttf */,
				8BB0D5F51C7E262200D098C8 /* fonts.dir */,
				8BB0D5F61C7E262200D098C8 /* fonts.scale */,
				8BB0D5F71C7E262200D098C8 /* ttc */,
			);
			path = "Chalkboard SE";
			sourceTree = "<group>";
		};
		8BB0D5F71C7E262200D098C8 /* ttc */ = {
			isa = PBXGroup;
			children = (
				8BB0D5F81C7E262200D098C8 /* ChalkboardSE.ttc */,
			);
			path = ttc;
			sourceTree = "<group>";
		};
		8BB0D5F91C7E262200D098C8 /* Verdana */ = {
			isa = PBXGroup;
			children = (
				8BB0D5FA1C7E262200D098C8 /* fonts.dir */,
				8BB0D5FB1C7E262200D098C8 /* fonts.scale */,
				8BB0D5FC1C7E262200D098C8 /* Verdana Bold Italic.ttf */,
				8BB0D5FD1C7E262200D098C8 /* Verdana Bold.ttf */,
				8BB0D5FE1C7E262200D098C8 /* Verdana Italic.ttf */,
				8BB0D5FF1C7E262200D098C8 /* Verdana.ttf */,
			);
			path = Verdana;
			sourceTree = "<group>";
		};
		8CF5169F90437C108596FF2D /* Pods */ = {
			isa = PBXGroup;
			children = (
				20725AA04DDD3EE4BC92AFF7 /* Pods-EndlessHaiku.debug.xcconfig */,
				D57F2FC9549180AC9BCA4DD6 /* Pods-EndlessHaiku.app store.xcconfig */,
				97B0E8BDE712EBE7FDF0285F /* Pods-EndlessHaiku.ad hoc.xcconfig */,
				DA6629B72C521B2DC61E5C71 /* Pods-EndlessHaikuTests.debug.xcconfig */,
				AFBDDD6E800AA467619A91B3 /* Pods-EndlessHaikuTests.app store.xcconfig */,
				192D12B935CEBF9C72FF4C23 /* Pods-EndlessHaikuTests.ad hoc.xcconfig */,
			);
			name = Pods;
			sourceTree = "<group>";
		};
/* End PBXGroup section */

/* Begin PBXNativeTarget section */
		8B14F0171C7CF02B008A6402 /* EndlessHaikuUISnapshot */ = {
			isa = PBXNativeTarget;
			buildConfigurationList = 8B14F0211C7CF02B008A6402 /* Build configuration list for PBXNativeTarget "EndlessHaikuUISnapshot" */;
			buildPhases = (
				8B14F0141C7CF02B008A6402 /* Sources */,
				8B14F0151C7CF02B008A6402 /* Frameworks */,
				8B14F0161C7CF02B008A6402 /* Resources */,
			);
			buildRules = (
			);
			dependencies = (
				8B14F01E1C7CF02B008A6402 /* PBXTargetDependency */,
			);
			name = EndlessHaikuUISnapshot;
			productName = EndlessHaikuUISnapshot;
			productReference = 8B14F0181C7CF02B008A6402 /* EndlessHaikuUISnapshot.xctest */;
			productType = "com.apple.product-type.bundle.ui-testing";
		};
		8B62A7AD1C4EB76F00D57878 /* EndlessHaiku */ = {
			isa = PBXNativeTarget;
			buildConfigurationList = 8B62A7D61C4EB76F00D57878 /* Build configuration list for PBXNativeTarget "EndlessHaiku" */;
			buildPhases = (
				ED555D0776B8819CED83750B /* [CP] Check Pods Manifest.lock */,
				8B62A7AA1C4EB76F00D57878 /* Sources */,
				8B62A7AB1C4EB76F00D57878 /* Frameworks */,
				8B62A7AC1C4EB76F00D57878 /* Resources */,
				8B4A75811C75492A0065A6B9 /* ShellScript */,
				1780A1E67200EBCC9CF408DC /* [CP] Embed Pods Frameworks */,
				1716C11822FC61DD2EA35684 /* [CP] Copy Pods Resources */,
			);
			buildRules = (
			);
			dependencies = (
			);
			name = EndlessHaiku;
			productName = EndlessHaiku;
			productReference = 8B62A7AE1C4EB76F00D57878 /* EndlessHaiku.app */;
			productType = "com.apple.product-type.application";
		};
		8B62A7C11C4EB76F00D57878 /* EndlessHaikuTests */ = {
			isa = PBXNativeTarget;
			buildConfigurationList = 8B62A7D91C4EB76F00D57878 /* Build configuration list for PBXNativeTarget "EndlessHaikuTests" */;
			buildPhases = (
				9A7150FDD9E28DCCDA9419C1 /* [CP] Check Pods Manifest.lock */,
				8B62A7BE1C4EB76F00D57878 /* Sources */,
				8B62A7BF1C4EB76F00D57878 /* Frameworks */,
				8B62A7C01C4EB76F00D57878 /* Resources */,
				13A8422C46E4E6AF24442F92 /* [CP] Embed Pods Frameworks */,
				BFD8F090BAD1A0821652AEF1 /* [CP] Copy Pods Resources */,
			);
			buildRules = (
			);
			dependencies = (
				8B62A7C41C4EB76F00D57878 /* PBXTargetDependency */,
			);
			name = EndlessHaikuTests;
			productName = EndlessHaikuTests;
			productReference = 8B62A7C21C4EB76F00D57878 /* EndlessHaikuTests.xctest */;
			productType = "com.apple.product-type.bundle.unit-test";
		};
		8B62A7CC1C4EB76F00D57878 /* EndlessHaikuUITests */ = {
			isa = PBXNativeTarget;
			buildConfigurationList = 8B62A7DC1C4EB76F00D57878 /* Build configuration list for PBXNativeTarget "EndlessHaikuUITests" */;
			buildPhases = (
				8B62A7C91C4EB76F00D57878 /* Sources */,
				8B62A7CA1C4EB76F00D57878 /* Frameworks */,
				8B62A7CB1C4EB76F00D57878 /* Resources */,
			);
			buildRules = (
			);
			dependencies = (
				8B62A7CF1C4EB76F00D57878 /* PBXTargetDependency */,
			);
			name = EndlessHaikuUITests;
			productName = EndlessHaikuUITests;
			productReference = 8B62A7CD1C4EB76F00D57878 /* EndlessHaikuUITests.xctest */;
			productType = "com.apple.product-type.bundle.ui-testing";
		};
/* End PBXNativeTarget section */

/* Begin PBXProject section */
		8B62A7A61C4EB76F00D57878 /* Project object */ = {
			isa = PBXProject;
			attributes = {
				LastSwiftUpdateCheck = 0720;
				LastUpgradeCheck = 0720;
				ORGANIZATIONNAME = "Thinh Luong";
				TargetAttributes = {
					8B14F0171C7CF02B008A6402 = {
						CreatedOnToolsVersion = 7.2.1;
						TestTargetID = 8B62A7AD1C4EB76F00D57878;
					};
					8B62A7AD1C4EB76F00D57878 = {
						CreatedOnToolsVersion = 7.2;
						DevelopmentTeam = 38CJ7RTF4Q;
						SystemCapabilities = {
							com.apple.InAppPurchase = {
								enabled = 1;
							};
						};
					};
					8B62A7C11C4EB76F00D57878 = {
						CreatedOnToolsVersion = 7.2;
						TestTargetID = 8B62A7AD1C4EB76F00D57878;
					};
					8B62A7CC1C4EB76F00D57878 = {
						CreatedOnToolsVersion = 7.2;
						TestTargetID = 8B62A7AD1C4EB76F00D57878;
					};
				};
			};
			buildConfigurationList = 8B62A7A91C4EB76F00D57878 /* Build configuration list for PBXProject "EndlessHaiku" */;
			compatibilityVersion = "Xcode 3.2";
			developmentRegion = English;
			hasScannedForEncodings = 0;
			knownRegions = (
				en,
				Base,
			);
			mainGroup = 8B62A7A51C4EB76F00D57878;
			productRefGroup = 8B62A7AF1C4EB76F00D57878 /* Products */;
			projectDirPath = "";
			projectRoot = "";
			targets = (
				8B62A7AD1C4EB76F00D57878 /* EndlessHaiku */,
				8B62A7C11C4EB76F00D57878 /* EndlessHaikuTests */,
				8B62A7CC1C4EB76F00D57878 /* EndlessHaikuUITests */,
				8B14F0171C7CF02B008A6402 /* EndlessHaikuUISnapshot */,
			);
		};
/* End PBXProject section */

/* Begin PBXResourcesBuildPhase section */
		8B14F0161C7CF02B008A6402 /* Resources */ = {
			isa = PBXResourcesBuildPhase;
			buildActionMask = 2147483647;
			files = (
			);
			runOnlyForDeploymentPostprocessing = 0;
		};
		8B62A7AC1C4EB76F00D57878 /* Resources */ = {
			isa = PBXResourcesBuildPhase;
			buildActionMask = 2147483647;
			files = (
				8BB0D60D1C7E262200D098C8 /* Verdana.ttf in Resources */,
				8B4611361D260347000880A7 /* script.sh in Resources */,
				8BB0D6051C7E262200D098C8 /* fonts.dir in Resources */,
				8B14F0511C7CF296008A6402 /* Snapfile in Resources */,
				8BB0D6041C7E262200D098C8 /* ChalkboardSE-Regular.ttf in Resources */,
				8B14F03D1C7CF296008A6402 /* Appfile in Resources */,
				8BB0D6031C7E262200D098C8 /* ChalkboardSE-Light.ttf in Resources */,
				8BB0D6081C7E262200D098C8 /* fonts.dir in Resources */,
				8B14F0491C7CF296008A6402 /* primary_first_sub_category.txt in Resources */,
				8BB0D60A1C7E262200D098C8 /* Verdana Bold Italic.ttf in Resources */,
				8B882ED41D49AE1000AB1A0A /* .gitignore in Resources */,
				8BF307431D330EA1004B710E /* LICENSE in Resources */,
				8BB0D6091C7E262200D098C8 /* fonts.scale in Resources */,
				8B14F04C1C7CF296008A6402 /* secondary_first_sub_category.txt in Resources */,
				8B14F0461C7CF296008A6402 /* release_notes.txt in Resources */,
				8BFD7F0C1CCEAEAE003CD8E7 /* EndlessHaikuTestResults.png in Resources */,
				8BB0D5EE1C7E260E00D098C8 /* title.strings in Resources */,
				8B62A7BC1C4EB76F00D57878 /* LaunchScreen.storyboard in Resources */,
				8B19F5041C6EB255001944BC /* Haiku.csv in Resources */,
				8B14F04D1C7CF296008A6402 /* secondary_second_sub_category.txt in Resources */,
				8BB0D6011C7E262200D098C8 /* background.jpg in Resources */,
				8BB0D6061C7E262200D098C8 /* fonts.scale in Resources */,
				8BB0D6021C7E262200D098C8 /* ChalkboardSE-Bold.ttf in Resources */,
				8B0AA6281C75641D003F66DF /* MoPub.bundle in Resources */,
				8B62A7B91C4EB76F00D57878 /* Assets.xcassets in Resources */,
				8BB0D60B1C7E262200D098C8 /* Verdana Bold.ttf in Resources */,
				8B14F04F1C7CF296008A6402 /* report.xml in Resources */,
				8B882ED61D49AEF400AB1A0A /* get_certs_from_s3.rb in Resources */,
				8BFD7F0D1CCEAEAE003CD8E7 /* EndlessHaikuDemo.gif in Resources */,
				8B62A7B71C4EB76F00D57878 /* Main.storyboard in Resources */,
				8B14F03F1C7CF296008A6402 /* Fastfile in Resources */,
				8B14F04B1C7CF296008A6402 /* secondary_category.txt in Resources */,
				8B14F0431C7CF296008A6402 /* marketing_url.txt in Resources */,
				8BB0D60E1C7E262200D098C8 /* Framefile.json in Resources */,
				8BB0D60C1C7E262200D098C8 /* Verdana Italic.ttf in Resources */,
				8B14F0441C7CF296008A6402 /* name.txt in Resources */,
				8B14F0451C7CF296008A6402 /* privacy_url.txt in Resources */,
				8BB0D6071C7E262200D098C8 /* ChalkboardSE.ttc in Resources */,
				8B14F0411C7CF296008A6402 /* description.txt in Resources */,
				8B14F0481C7CF296008A6402 /* primary_category.txt in Resources */,
				8B14F04A1C7CF296008A6402 /* primary_second_sub_category.txt in Resources */,
				8B14F0471C7CF296008A6402 /* support_url.txt in Resources */,
				8B4AC5941D221BA7005EC7A1 /* .travis.yml in Resources */,
				8B14F0401C7CF296008A6402 /* copyright.txt in Resources */,
				8B14F0421C7CF296008A6402 /* keywords.txt in Resources */,
				8B14F0501C7CF296008A6402 /* README.txt in Resources */,
				8BB0D5ED1C7E260E00D098C8 /* keyword.strings in Resources */,
				8B4611381D26035C000880A7 /* after_success_script.sh in Resources */,
				8B14F03E1C7CF296008A6402 /* Deliverfile in Resources */,
			);
			runOnlyForDeploymentPostprocessing = 0;
		};
		8B62A7C01C4EB76F00D57878 /* Resources */ = {
			isa = PBXResourcesBuildPhase;
			buildActionMask = 2147483647;
			files = (
			);
			runOnlyForDeploymentPostprocessing = 0;
		};
		8B62A7CB1C4EB76F00D57878 /* Resources */ = {
			isa = PBXResourcesBuildPhase;
			buildActionMask = 2147483647;
			files = (
			);
			runOnlyForDeploymentPostprocessing = 0;
		};
/* End PBXResourcesBuildPhase section */

/* Begin PBXShellScriptBuildPhase section */
		13A8422C46E4E6AF24442F92 /* [CP] Embed Pods Frameworks */ = {
			isa = PBXShellScriptBuildPhase;
			buildActionMask = 2147483647;
			files = (
			);
			inputPaths = (
			);
			name = "[CP] Embed Pods Frameworks";
			outputPaths = (
			);
			runOnlyForDeploymentPostprocessing = 0;
			shellPath = /bin/sh;
			shellScript = "\"${SRCROOT}/Pods/Target Support Files/Pods-EndlessHaikuTests/Pods-EndlessHaikuTests-frameworks.sh\"\n";
			showEnvVarsInLog = 0;
		};
		1716C11822FC61DD2EA35684 /* [CP] Copy Pods Resources */ = {
			isa = PBXShellScriptBuildPhase;
			buildActionMask = 2147483647;
			files = (
			);
			inputPaths = (
			);
			name = "[CP] Copy Pods Resources";
			outputPaths = (
			);
			runOnlyForDeploymentPostprocessing = 0;
			shellPath = /bin/sh;
			shellScript = "\"${SRCROOT}/Pods/Target Support Files/Pods-EndlessHaiku/Pods-EndlessHaiku-resources.sh\"\n";
			showEnvVarsInLog = 0;
		};
		1780A1E67200EBCC9CF408DC /* [CP] Embed Pods Frameworks */ = {
			isa = PBXShellScriptBuildPhase;
			buildActionMask = 2147483647;
			files = (
			);
			inputPaths = (
			);
			name = "[CP] Embed Pods Frameworks";
			outputPaths = (
			);
			runOnlyForDeploymentPostprocessing = 0;
			shellPath = /bin/sh;
			shellScript = "\"${SRCROOT}/Pods/Target Support Files/Pods-EndlessHaiku/Pods-EndlessHaiku-frameworks.sh\"\n";
			showEnvVarsInLog = 0;
		};
		8B4A75811C75492A0065A6B9 /* ShellScript */ = {
			isa = PBXShellScriptBuildPhase;
			buildActionMask = 2147483647;
			files = (
			);
			inputPaths = (
			);
			outputPaths = (
			);
			runOnlyForDeploymentPostprocessing = 0;
			shellPath = /bin/sh;
			shellScript = "./Fabric.framework/run 8cb3dd65e013b1fa9b83134f0c5dac2cf6eaf270 fe537cfe99b966325cb570f59106232656f314e508584876f0c96f21ceab7b1e";
		};
		9A7150FDD9E28DCCDA9419C1 /* [CP] Check Pods Manifest.lock */ = {
			isa = PBXShellScriptBuildPhase;
			buildActionMask = 2147483647;
			files = (
			);
			inputPaths = (
			);
			name = "[CP] Check Pods Manifest.lock";
			outputPaths = (
			);
			runOnlyForDeploymentPostprocessing = 0;
			shellPath = /bin/sh;
			shellScript = "diff \"${PODS_ROOT}/../Podfile.lock\" \"${PODS_ROOT}/Manifest.lock\" > /dev/null\nif [[ $? != 0 ]] ; then\n    cat << EOM\nerror: The sandbox is not in sync with the Podfile.lock. Run 'pod install' or update your CocoaPods installation.\nEOM\n    exit 1\nfi\n";
			showEnvVarsInLog = 0;
		};
		BFD8F090BAD1A0821652AEF1 /* [CP] Copy Pods Resources */ = {
			isa = PBXShellScriptBuildPhase;
			buildActionMask = 2147483647;
			files = (
			);
			inputPaths = (
			);
			name = "[CP] Copy Pods Resources";
			outputPaths = (
			);
			runOnlyForDeploymentPostprocessing = 0;
			shellPath = /bin/sh;
			shellScript = "\"${SRCROOT}/Pods/Target Support Files/Pods-EndlessHaikuTests/Pods-EndlessHaikuTests-resources.sh\"\n";
			showEnvVarsInLog = 0;
		};
		ED555D0776B8819CED83750B /* [CP] Check Pods Manifest.lock */ = {
			isa = PBXShellScriptBuildPhase;
			buildActionMask = 2147483647;
			files = (
			);
			inputPaths = (
			);
			name = "[CP] Check Pods Manifest.lock";
			outputPaths = (
			);
			runOnlyForDeploymentPostprocessing = 0;
			shellPath = /bin/sh;
			shellScript = "diff \"${PODS_ROOT}/../Podfile.lock\" \"${PODS_ROOT}/Manifest.lock\" > /dev/null\nif [[ $? != 0 ]] ; then\n    cat << EOM\nerror: The sandbox is not in sync with the Podfile.lock. Run 'pod install' or update your CocoaPods installation.\nEOM\n    exit 1\nfi\n";
			showEnvVarsInLog = 0;
		};
/* End PBXShellScriptBuildPhase section */

/* Begin PBXSourcesBuildPhase section */
		8B14F0141C7CF02B008A6402 /* Sources */ = {
			isa = PBXSourcesBuildPhase;
			buildActionMask = 2147483647;
			files = (
				8B14F01B1C7CF02B008A6402 /* EndlessHaikuUISnapshot.swift in Sources */,
				8B14F0531C7CF2A0008A6402 /* SnapshotHelper.swift in Sources */,
			);
			runOnlyForDeploymentPostprocessing = 0;
		};
		8B62A7AA1C4EB76F00D57878 /* Sources */ = {
			isa = PBXSourcesBuildPhase;
			buildActionMask = 2147483647;
			files = (
				8B43D3C81C5005AD00317ED8 /* ScrollingView.swift in Sources */,
				8B5B93571C65BC05009BABE1 /* CustomSlider.swift in Sources */,
				8B0A62291C77D9860004FD6A /* Product.swift in Sources */,
				8B34607F1C61514F00B0492B /* HaikuManager.swift in Sources */,
				8B62A7B41C4EB76F00D57878 /* ViewController.swift in Sources */,
				8B43D3CC1C50077D00317ED8 /* Haiku.swift in Sources */,
				8B14F04E1C7CF296008A6402 /* README.md in Sources */,
				8B379C591C6A6ADD008140C1 /* CustomPickerTableViewCell.swift in Sources */,
				8B5B93551C65B7DD009BABE1 /* CustomSliderTableViewCell.swift in Sources */,
				8B62A7B21C4EB76F00D57878 /* AppDelegate.swift in Sources */,
				8BEC81561C69788700AEDEF3 /* Helpers.swift in Sources */,
				8BFD7F0F1CCEAEBE003CD8E7 /* README.md in Sources */,
				8B43D3CA1C5006B100317ED8 /* Device.swift in Sources */,
				8B43D3CE1C50083C00317ED8 /* Constants.swift in Sources */,
				8BEC81541C6976DB00AEDEF3 /* FloatingMenuView.swift in Sources */,
				8B0A62271C77D9670004FD6A /* IAPHelper.swift in Sources */,
				8B5B93531C65AA5C009BABE1 /* SettingsViewController.swift in Sources */,
			);
			runOnlyForDeploymentPostprocessing = 0;
		};
		8B62A7BE1C4EB76F00D57878 /* Sources */ = {
			isa = PBXSourcesBuildPhase;
			buildActionMask = 2147483647;
			files = (
				8B62A7C71C4EB76F00D57878 /* EndlessHaikuTests.swift in Sources */,
			);
			runOnlyForDeploymentPostprocessing = 0;
		};
		8B62A7C91C4EB76F00D57878 /* Sources */ = {
			isa = PBXSourcesBuildPhase;
			buildActionMask = 2147483647;
			files = (
				8B62A7D21C4EB76F00D57878 /* EndlessHaikuUITests.swift in Sources */,
			);
			runOnlyForDeploymentPostprocessing = 0;
		};
/* End PBXSourcesBuildPhase section */

/* Begin PBXTargetDependency section */
		8B14F01E1C7CF02B008A6402 /* PBXTargetDependency */ = {
			isa = PBXTargetDependency;
			target = 8B62A7AD1C4EB76F00D57878 /* EndlessHaiku */;
			targetProxy = 8B14F01D1C7CF02B008A6402 /* PBXContainerItemProxy */;
		};
		8B62A7C41C4EB76F00D57878 /* PBXTargetDependency */ = {
			isa = PBXTargetDependency;
			target = 8B62A7AD1C4EB76F00D57878 /* EndlessHaiku */;
			targetProxy = 8B62A7C31C4EB76F00D57878 /* PBXContainerItemProxy */;
		};
		8B62A7CF1C4EB76F00D57878 /* PBXTargetDependency */ = {
			isa = PBXTargetDependency;
			target = 8B62A7AD1C4EB76F00D57878 /* EndlessHaiku */;
			targetProxy = 8B62A7CE1C4EB76F00D57878 /* PBXContainerItemProxy */;
		};
/* End PBXTargetDependency section */

/* Begin PBXVariantGroup section */
		8B62A7B51C4EB76F00D57878 /* Main.storyboard */ = {
			isa = PBXVariantGroup;
			children = (
				8B62A7B61C4EB76F00D57878 /* Base */,
			);
			name = Main.storyboard;
			sourceTree = "<group>";
		};
		8B62A7BA1C4EB76F00D57878 /* LaunchScreen.storyboard */ = {
			isa = PBXVariantGroup;
			children = (
				8B62A7BB1C4EB76F00D57878 /* Base */,
			);
			name = LaunchScreen.storyboard;
			sourceTree = "<group>";
		};
/* End PBXVariantGroup section */

/* Begin XCBuildConfiguration section */
		8B14F01F1C7CF02B008A6402 /* Debug */ = {
			isa = XCBuildConfiguration;
			buildSettings = {
				INFOPLIST_FILE = EndlessHaikuUISnapshot/Info.plist;
				LD_RUNPATH_SEARCH_PATHS = "$(inherited) @executable_path/Frameworks @loader_path/Frameworks";
				PRODUCT_BUNDLE_IDENTIFIER = tvluong.EndlessHaikuUISnapshot;
				PRODUCT_NAME = "$(TARGET_NAME)";
				TEST_TARGET_NAME = EndlessHaiku;
				USES_XCTRUNNER = YES;
			};
			name = Debug;
		};
		8B14F0201C7CF02B008A6402 /* App Store */ = {
			isa = XCBuildConfiguration;
			buildSettings = {
				INFOPLIST_FILE = EndlessHaikuUISnapshot/Info.plist;
				LD_RUNPATH_SEARCH_PATHS = "$(inherited) @executable_path/Frameworks @loader_path/Frameworks";
				PRODUCT_BUNDLE_IDENTIFIER = tvluong.EndlessHaikuUISnapshot;
				PRODUCT_NAME = "$(TARGET_NAME)";
				TEST_TARGET_NAME = EndlessHaiku;
				USES_XCTRUNNER = YES;
			};
			name = "App Store";
		};
		8B3D2BC91D27779C00A48A48 /* Ad Hoc */ = {
			isa = XCBuildConfiguration;
			buildSettings = {
				ALWAYS_SEARCH_USER_PATHS = NO;
				CLANG_CXX_LANGUAGE_STANDARD = "gnu++0x";
				CLANG_CXX_LIBRARY = "libc++";
				CLANG_ENABLE_MODULES = YES;
				CLANG_ENABLE_OBJC_ARC = YES;
				CLANG_WARN_BOOL_CONVERSION = YES;
				CLANG_WARN_CONSTANT_CONVERSION = YES;
				CLANG_WARN_DIRECT_OBJC_ISA_USAGE = YES_ERROR;
				CLANG_WARN_EMPTY_BODY = YES;
				CLANG_WARN_ENUM_CONVERSION = YES;
				CLANG_WARN_INT_CONVERSION = YES;
				CLANG_WARN_OBJC_ROOT_CLASS = YES_ERROR;
				CLANG_WARN_UNREACHABLE_CODE = YES;
				CLANG_WARN__DUPLICATE_METHOD_MATCH = YES;
				CODE_SIGN_IDENTITY = "iPhone Distribution";
				"CODE_SIGN_IDENTITY[sdk=iphoneos*]" = "iPhone Distribution";
				COPY_PHASE_STRIP = NO;
				DEBUG_INFORMATION_FORMAT = "dwarf-with-dsym";
				ENABLE_BITCODE = NO;
				ENABLE_NS_ASSERTIONS = NO;
				ENABLE_STRICT_OBJC_MSGSEND = YES;
				GCC_C_LANGUAGE_STANDARD = gnu99;
				GCC_NO_COMMON_BLOCKS = YES;
				GCC_WARN_64_TO_32_BIT_CONVERSION = YES;
				GCC_WARN_ABOUT_RETURN_TYPE = YES_ERROR;
				GCC_WARN_UNDECLARED_SELECTOR = YES;
				GCC_WARN_UNINITIALIZED_AUTOS = YES_AGGRESSIVE;
				GCC_WARN_UNUSED_FUNCTION = YES;
				GCC_WARN_UNUSED_VARIABLE = YES;
				IPHONEOS_DEPLOYMENT_TARGET = 9.2;
				MTL_ENABLE_DEBUG_INFO = NO;
				SDKROOT = iphoneos;
				TARGETED_DEVICE_FAMILY = "1,2";
				VALIDATE_PRODUCT = YES;
			};
			name = "Ad Hoc";
		};
		8B3D2BCA1D27779C00A48A48 /* Ad Hoc */ = {
			isa = XCBuildConfiguration;
			baseConfigurationReference = 97B0E8BDE712EBE7FDF0285F /* Pods-EndlessHaiku.ad hoc.xcconfig */;
			buildSettings = {
				ASSETCATALOG_COMPILER_APPICON_NAME = AppIcon;
				CODE_SIGN_IDENTITY = "iPhone Developer";
				"CODE_SIGN_IDENTITY[sdk=iphoneos*]" = "iPhone Distribution";
				ENABLE_BITCODE = NO;
				FRAMEWORK_SEARCH_PATHS = (
					"$(inherited)",
					"$(PROJECT_DIR)",
				);
				INFOPLIST_FILE = EndlessHaiku/Info.plist;
				IPHONEOS_DEPLOYMENT_TARGET = 9.1;
				LD_RUNPATH_SEARCH_PATHS = "$(inherited) @executable_path/Frameworks";
				PRODUCT_BUNDLE_IDENTIFIER = tvluong.EndlessHaiku;
				PRODUCT_NAME = "$(TARGET_NAME)";
				PROVISIONING_PROFILE = "";
			};
			name = "Ad Hoc";
		};
		8B3D2BCB1D27779C00A48A48 /* Ad Hoc */ = {
			isa = XCBuildConfiguration;
			baseConfigurationReference = 192D12B935CEBF9C72FF4C23 /* Pods-EndlessHaikuTests.ad hoc.xcconfig */;
			buildSettings = {
				BUNDLE_LOADER = "$(TEST_HOST)";
				INFOPLIST_FILE = EndlessHaikuTests/Info.plist;
				LD_RUNPATH_SEARCH_PATHS = "$(inherited) @executable_path/Frameworks @loader_path/Frameworks";
				PRODUCT_BUNDLE_IDENTIFIER = tvluong.EndlessHaikuTests;
				PRODUCT_NAME = "$(TARGET_NAME)";
				TEST_HOST = "$(BUILT_PRODUCTS_DIR)/EndlessHaiku.app/EndlessHaiku";
			};
			name = "Ad Hoc";
		};
		8B3D2BCC1D27779C00A48A48 /* Ad Hoc */ = {
			isa = XCBuildConfiguration;
			buildSettings = {
				INFOPLIST_FILE = EndlessHaikuUITests/Info.plist;
				LD_RUNPATH_SEARCH_PATHS = "$(inherited) @executable_path/Frameworks @loader_path/Frameworks";
				PRODUCT_BUNDLE_IDENTIFIER = tvluong.EndlessHaikuUITests;
				PRODUCT_NAME = "$(TARGET_NAME)";
				TEST_TARGET_NAME = EndlessHaiku;
				USES_XCTRUNNER = YES;
			};
			name = "Ad Hoc";
		};
		8B3D2BCD1D27779C00A48A48 /* Ad Hoc */ = {
			isa = XCBuildConfiguration;
			buildSettings = {
				INFOPLIST_FILE = EndlessHaikuUISnapshot/Info.plist;
				LD_RUNPATH_SEARCH_PATHS = "$(inherited) @executable_path/Frameworks @loader_path/Frameworks";
				PRODUCT_BUNDLE_IDENTIFIER = tvluong.EndlessHaikuUISnapshot;
				PRODUCT_NAME = "$(TARGET_NAME)";
				TEST_TARGET_NAME = EndlessHaiku;
				USES_XCTRUNNER = YES;
			};
			name = "Ad Hoc";
		};
		8B62A7D41C4EB76F00D57878 /* Debug */ = {
			isa = XCBuildConfiguration;
			buildSettings = {
				ALWAYS_SEARCH_USER_PATHS = NO;
				CLANG_CXX_LANGUAGE_STANDARD = "gnu++0x";
				CLANG_CXX_LIBRARY = "libc++";
				CLANG_ENABLE_MODULES = YES;
				CLANG_ENABLE_OBJC_ARC = YES;
				CLANG_WARN_BOOL_CONVERSION = YES;
				CLANG_WARN_CONSTANT_CONVERSION = YES;
				CLANG_WARN_DIRECT_OBJC_ISA_USAGE = YES_ERROR;
				CLANG_WARN_EMPTY_BODY = YES;
				CLANG_WARN_ENUM_CONVERSION = YES;
				CLANG_WARN_INT_CONVERSION = YES;
				CLANG_WARN_OBJC_ROOT_CLASS = YES_ERROR;
				CLANG_WARN_UNREACHABLE_CODE = YES;
				CLANG_WARN__DUPLICATE_METHOD_MATCH = YES;
				CODE_SIGN_IDENTITY = "iPhone Developer";
				"CODE_SIGN_IDENTITY[sdk=iphoneos*]" = "iPhone Developer";
				COPY_PHASE_STRIP = NO;
				DEBUG_INFORMATION_FORMAT = dwarf;
				ENABLE_BITCODE = NO;
				ENABLE_STRICT_OBJC_MSGSEND = YES;
				ENABLE_TESTABILITY = YES;
				GCC_C_LANGUAGE_STANDARD = gnu99;
				GCC_DYNAMIC_NO_PIC = NO;
				GCC_NO_COMMON_BLOCKS = YES;
				GCC_OPTIMIZATION_LEVEL = 0;
				GCC_PREPROCESSOR_DEFINITIONS = (
					"DEBUG=1",
					"$(inherited)",
				);
				GCC_WARN_64_TO_32_BIT_CONVERSION = YES;
				GCC_WARN_ABOUT_RETURN_TYPE = YES_ERROR;
				GCC_WARN_UNDECLARED_SELECTOR = YES;
				GCC_WARN_UNINITIALIZED_AUTOS = YES_AGGRESSIVE;
				GCC_WARN_UNUSED_FUNCTION = YES;
				GCC_WARN_UNUSED_VARIABLE = YES;
				IPHONEOS_DEPLOYMENT_TARGET = 9.2;
				MTL_ENABLE_DEBUG_INFO = YES;
				ONLY_ACTIVE_ARCH = YES;
				SDKROOT = iphoneos;
				SWIFT_OPTIMIZATION_LEVEL = "-Onone";
				TARGETED_DEVICE_FAMILY = "1,2";
			};
			name = Debug;
		};
		8B62A7D51C4EB76F00D57878 /* App Store */ = {
			isa = XCBuildConfiguration;
			buildSettings = {
				ALWAYS_SEARCH_USER_PATHS = NO;
				CLANG_CXX_LANGUAGE_STANDARD = "gnu++0x";
				CLANG_CXX_LIBRARY = "libc++";
				CLANG_ENABLE_MODULES = YES;
				CLANG_ENABLE_OBJC_ARC = YES;
				CLANG_WARN_BOOL_CONVERSION = YES;
				CLANG_WARN_CONSTANT_CONVERSION = YES;
				CLANG_WARN_DIRECT_OBJC_ISA_USAGE = YES_ERROR;
				CLANG_WARN_EMPTY_BODY = YES;
				CLANG_WARN_ENUM_CONVERSION = YES;
				CLANG_WARN_INT_CONVERSION = YES;
				CLANG_WARN_OBJC_ROOT_CLASS = YES_ERROR;
				CLANG_WARN_UNREACHABLE_CODE = YES;
				CLANG_WARN__DUPLICATE_METHOD_MATCH = YES;
				CODE_SIGN_IDENTITY = "iPhone Distribution";
				"CODE_SIGN_IDENTITY[sdk=iphoneos*]" = "iPhone Distribution";
				COPY_PHASE_STRIP = NO;
				DEBUG_INFORMATION_FORMAT = "dwarf-with-dsym";
				ENABLE_BITCODE = NO;
				ENABLE_NS_ASSERTIONS = NO;
				ENABLE_STRICT_OBJC_MSGSEND = YES;
				GCC_C_LANGUAGE_STANDARD = gnu99;
				GCC_NO_COMMON_BLOCKS = YES;
				GCC_WARN_64_TO_32_BIT_CONVERSION = YES;
				GCC_WARN_ABOUT_RETURN_TYPE = YES_ERROR;
				GCC_WARN_UNDECLARED_SELECTOR = YES;
				GCC_WARN_UNINITIALIZED_AUTOS = YES_AGGRESSIVE;
				GCC_WARN_UNUSED_FUNCTION = YES;
				GCC_WARN_UNUSED_VARIABLE = YES;
				IPHONEOS_DEPLOYMENT_TARGET = 9.2;
				MTL_ENABLE_DEBUG_INFO = NO;
				SDKROOT = iphoneos;
				TARGETED_DEVICE_FAMILY = "1,2";
				VALIDATE_PRODUCT = YES;
			};
			name = "App Store";
		};
		8B62A7D71C4EB76F00D57878 /* Debug */ = {
			isa = XCBuildConfiguration;
			baseConfigurationReference = 20725AA04DDD3EE4BC92AFF7 /* Pods-EndlessHaiku.debug.xcconfig */;
			buildSettings = {
				ASSETCATALOG_COMPILER_APPICON_NAME = AppIcon;
				CODE_SIGN_IDENTITY = "iPhone Developer";
				"CODE_SIGN_IDENTITY[sdk=iphoneos*]" = "iPhone Developer";
				DEBUG_INFORMATION_FORMAT = "dwarf-with-dsym";
				ENABLE_BITCODE = NO;
				FRAMEWORK_SEARCH_PATHS = (
					"$(inherited)",
					"$(PROJECT_DIR)",
				);
				INFOPLIST_FILE = EndlessHaiku/Info.plist;
				IPHONEOS_DEPLOYMENT_TARGET = 9.1;
				LD_RUNPATH_SEARCH_PATHS = "$(inherited) @executable_path/Frameworks";
				PRODUCT_BUNDLE_IDENTIFIER = tvluong.EndlessHaiku;
				PRODUCT_NAME = "$(TARGET_NAME)";
				PROVISIONING_PROFILE = "";
			};
			name = Debug;
		};
		8B62A7D81C4EB76F00D57878 /* App Store */ = {
			isa = XCBuildConfiguration;
			baseConfigurationReference = D57F2FC9549180AC9BCA4DD6 /* Pods-EndlessHaiku.app store.xcconfig */;
			buildSettings = {
				ASSETCATALOG_COMPILER_APPICON_NAME = AppIcon;
				CODE_SIGN_IDENTITY = "iPhone Developer";
				"CODE_SIGN_IDENTITY[sdk=iphoneos*]" = "iPhone Distribution";
				ENABLE_BITCODE = NO;
				FRAMEWORK_SEARCH_PATHS = (
					"$(inherited)",
					"$(PROJECT_DIR)",
				);
				INFOPLIST_FILE = EndlessHaiku/Info.plist;
				IPHONEOS_DEPLOYMENT_TARGET = 9.1;
				LD_RUNPATH_SEARCH_PATHS = "$(inherited) @executable_path/Frameworks";
				PRODUCT_BUNDLE_IDENTIFIER = tvluong.EndlessHaiku;
				PRODUCT_NAME = "$(TARGET_NAME)";
				PROVISIONING_PROFILE = "";
			};
			name = "App Store";
		};
		8B62A7DA1C4EB76F00D57878 /* Debug */ = {
			isa = XCBuildConfiguration;
			baseConfigurationReference = DA6629B72C521B2DC61E5C71 /* Pods-EndlessHaikuTests.debug.xcconfig */;
			buildSettings = {
				BUNDLE_LOADER = "$(TEST_HOST)";
				INFOPLIST_FILE = EndlessHaikuTests/Info.plist;
				LD_RUNPATH_SEARCH_PATHS = "$(inherited) @executable_path/Frameworks @loader_path/Frameworks";
				PRODUCT_BUNDLE_IDENTIFIER = tvluong.EndlessHaikuTests;
				PRODUCT_NAME = "$(TARGET_NAME)";
				TEST_HOST = "$(BUILT_PRODUCTS_DIR)/EndlessHaiku.app/EndlessHaiku";
			};
			name = Debug;
		};
		8B62A7DB1C4EB76F00D57878 /* App Store */ = {
			isa = XCBuildConfiguration;
			baseConfigurationReference = AFBDDD6E800AA467619A91B3 /* Pods-EndlessHaikuTests.app store.xcconfig */;
			buildSettings = {
				BUNDLE_LOADER = "$(TEST_HOST)";
				INFOPLIST_FILE = EndlessHaikuTests/Info.plist;
				LD_RUNPATH_SEARCH_PATHS = "$(inherited) @executable_path/Frameworks @loader_path/Frameworks";
				PRODUCT_BUNDLE_IDENTIFIER = tvluong.EndlessHaikuTests;
				PRODUCT_NAME = "$(TARGET_NAME)";
				TEST_HOST = "$(BUILT_PRODUCTS_DIR)/EndlessHaiku.app/EndlessHaiku";
			};
			name = "App Store";
		};
		8B62A7DD1C4EB76F00D57878 /* Debug */ = {
			isa = XCBuildConfiguration;
			buildSettings = {
				INFOPLIST_FILE = EndlessHaikuUITests/Info.plist;
				LD_RUNPATH_SEARCH_PATHS = "$(inherited) @executable_path/Frameworks @loader_path/Frameworks";
				PRODUCT_BUNDLE_IDENTIFIER = tvluong.EndlessHaikuUITests;
				PRODUCT_NAME = "$(TARGET_NAME)";
				TEST_TARGET_NAME = EndlessHaiku;
				USES_XCTRUNNER = YES;
			};
			name = Debug;
		};
		8B62A7DE1C4EB76F00D57878 /* App Store */ = {
			isa = XCBuildConfiguration;
			buildSettings = {
				INFOPLIST_FILE = EndlessHaikuUITests/Info.plist;
				LD_RUNPATH_SEARCH_PATHS = "$(inherited) @executable_path/Frameworks @loader_path/Frameworks";
				PRODUCT_BUNDLE_IDENTIFIER = tvluong.EndlessHaikuUITests;
				PRODUCT_NAME = "$(TARGET_NAME)";
				TEST_TARGET_NAME = EndlessHaiku;
				USES_XCTRUNNER = YES;
			};
			name = "App Store";
		};
/* End XCBuildConfiguration section */

/* Begin XCConfigurationList section */
		8B14F0211C7CF02B008A6402 /* Build configuration list for PBXNativeTarget "EndlessHaikuUISnapshot" */ = {
			isa = XCConfigurationList;
			buildConfigurations = (
				8B14F01F1C7CF02B008A6402 /* Debug */,
				8B14F0201C7CF02B008A6402 /* App Store */,
				8B3D2BCD1D27779C00A48A48 /* Ad Hoc */,
			);
			defaultConfigurationIsVisible = 0;
			defaultConfigurationName = "App Store";
		};
		8B62A7A91C4EB76F00D57878 /* Build configuration list for PBXProject "EndlessHaiku" */ = {
			isa = XCConfigurationList;
			buildConfigurations = (
				8B62A7D41C4EB76F00D57878 /* Debug */,
				8B62A7D51C4EB76F00D57878 /* App Store */,
				8B3D2BC91D27779C00A48A48 /* Ad Hoc */,
			);
			defaultConfigurationIsVisible = 0;
			defaultConfigurationName = "App Store";
		};
		8B62A7D61C4EB76F00D57878 /* Build configuration list for PBXNativeTarget "EndlessHaiku" */ = {
			isa = XCConfigurationList;
			buildConfigurations = (
				8B62A7D71C4EB76F00D57878 /* Debug */,
				8B62A7D81C4EB76F00D57878 /* App Store */,
				8B3D2BCA1D27779C00A48A48 /* Ad Hoc */,
			);
			defaultConfigurationIsVisible = 0;
			defaultConfigurationName = "App Store";
		};
		8B62A7D91C4EB76F00D57878 /* Build configuration list for PBXNativeTarget "EndlessHaikuTests" */ = {
			isa = XCConfigurationList;
			buildConfigurations = (
				8B62A7DA1C4EB76F00D57878 /* Debug */,
				8B62A7DB1C4EB76F00D57878 /* App Store */,
				8B3D2BCB1D27779C00A48A48 /* Ad Hoc */,
			);
			defaultConfigurationIsVisible = 0;
			defaultConfigurationName = "App Store";
		};
		8B62A7DC1C4EB76F00D57878 /* Build configuration list for PBXNativeTarget "EndlessHaikuUITests" */ = {
			isa = XCConfigurationList;
			buildConfigurations = (
				8B62A7DD1C4EB76F00D57878 /* Debug */,
				8B62A7DE1C4EB76F00D57878 /* App Store */,
				8B3D2BCC1D27779C00A48A48 /* Ad Hoc */,
			);
			defaultConfigurationIsVisible = 0;
			defaultConfigurationName = "App Store";
		};
/* End XCConfigurationList section */
	};
	rootObject = 8B62A7A61C4EB76F00D57878 /* Project object */;
}
